// !$*UTF8*$!
{
	archiveVersion = 1;
	classes = {
	};
	objectVersion = 50;
	objects = {

/* Begin PBXBuildFile section */
		E1FA7C3024DD44D30047CCB0 /* AppDelegate.swift in Sources */ = {isa = PBXBuildFile; fileRef = E1FA7C2F24DD44D30047CCB0 /* AppDelegate.swift */; };
		E1FA7C3224DD44D30047CCB0 /* SceneDelegate.swift in Sources */ = {isa = PBXBuildFile; fileRef = E1FA7C3124DD44D30047CCB0 /* SceneDelegate.swift */; };
		E1FA7C3424DD44D30047CCB0 /* ViewController.swift in Sources */ = {isa = PBXBuildFile; fileRef = E1FA7C3324DD44D30047CCB0 /* ViewController.swift */; };
		E1FA7C3724DD44D30047CCB0 /* Main.storyboard in Resources */ = {isa = PBXBuildFile; fileRef = E1FA7C3524DD44D30047CCB0 /* Main.storyboard */; };
		E1FA7C3924DD44D30047CCB0 /* Assets.xcassets in Resources */ = {isa = PBXBuildFile; fileRef = E1FA7C3824DD44D30047CCB0 /* Assets.xcassets */; };
		E1FA7C3C24DD44D30047CCB0 /* LaunchScreen.storyboard in Resources */ = {isa = PBXBuildFile; fileRef = E1FA7C3A24DD44D30047CCB0 /* LaunchScreen.storyboard */; };
		E1FA7C4724DD44D30047CCB0 /* ChaosTests.swift in Sources */ = {isa = PBXBuildFile; fileRef = E1FA7C4624DD44D30047CCB0 /* ChaosTests.swift */; };
		E1FA7C5224DD44D30047CCB0 /* ChaosUITests.swift in Sources */ = {isa = PBXBuildFile; fileRef = E1FA7C5124DD44D30047CCB0 /* ChaosUITests.swift */; };
		E1FA7C6024DD49F90047CCB0 /* DrawView.swift in Sources */ = {isa = PBXBuildFile; fileRef = E1FA7C5F24DD49F90047CCB0 /* DrawView.swift */; };
/* End PBXBuildFile section */

/* Begin PBXContainerItemProxy section */
		E1FA7C4324DD44D30047CCB0 /* PBXContainerItemProxy */ = {
			isa = PBXContainerItemProxy;
			containerPortal = E1FA7C2424DD44D30047CCB0 /* Project object */;
			proxyType = 1;
			remoteGlobalIDString = E1FA7C2B24DD44D30047CCB0;
			remoteInfo = Chaos;
		};
		E1FA7C4E24DD44D30047CCB0 /* PBXContainerItemProxy */ = {
			isa = PBXContainerItemProxy;
			containerPortal = E1FA7C2424DD44D30047CCB0 /* Project object */;
			proxyType = 1;
			remoteGlobalIDString = E1FA7C2B24DD44D30047CCB0;
			remoteInfo = Chaos;
		};
/* End PBXContainerItemProxy section */

/* Begin PBXFileReference section */
		E1FA7C2C24DD44D30047CCB0 /* Chaos.app */ = {isa = PBXFileReference; explicitFileType = wrapper.application; includeInIndex = 0; path = Chaos.app; sourceTree = BUILT_PRODUCTS_DIR; };
		E1FA7C2F24DD44D30047CCB0 /* AppDelegate.swift */ = {isa = PBXFileReference; lastKnownFileType = sourcecode.swift; path = AppDelegate.swift; sourceTree = "<group>"; };
		E1FA7C3124DD44D30047CCB0 /* SceneDelegate.swift */ = {isa = PBXFileReference; lastKnownFileType = sourcecode.swift; path = SceneDelegate.swift; sourceTree = "<group>"; };
		E1FA7C3324DD44D30047CCB0 /* ViewController.swift */ = {isa = PBXFileReference; lastKnownFileType = sourcecode.swift; path = ViewController.swift; sourceTree = "<group>"; };
		E1FA7C3624DD44D30047CCB0 /* Base */ = {isa = PBXFileReference; lastKnownFileType = file.storyboard; name = Base; path = Base.lproj/Main.storyboard; sourceTree = "<group>"; };
		E1FA7C3824DD44D30047CCB0 /* Assets.xcassets */ = {isa = PBXFileReference; lastKnownFileType = folder.assetcatalog; path = Assets.xcassets; sourceTree = "<group>"; };
		E1FA7C3B24DD44D30047CCB0 /* Base */ = {isa = PBXFileReference; lastKnownFileType = file.storyboard; name = Base; path = Base.lproj/LaunchScreen.storyboard; sourceTree = "<group>"; };
		E1FA7C3D24DD44D30047CCB0 /* Info.plist */ = {isa = PBXFileReference; lastKnownFileType = text.plist.xml; path = Info.plist; sourceTree = "<group>"; };
		E1FA7C4224DD44D30047CCB0 /* ChaosTests.xctest */ = {isa = PBXFileReference; explicitFileType = wrapper.cfbundle; includeInIndex = 0; path = ChaosTests.xctest; sourceTree = BUILT_PRODUCTS_DIR; };
		E1FA7C4624DD44D30047CCB0 /* ChaosTests.swift */ = {isa = PBXFileReference; lastKnownFileType = sourcecode.swift; path = ChaosTests.swift; sourceTree = "<group>"; };
		E1FA7C4824DD44D30047CCB0 /* Info.plist */ = {isa = PBXFileReference; lastKnownFileType = text.plist.xml; path = Info.plist; sourceTree = "<group>"; };
		E1FA7C4D24DD44D30047CCB0 /* ChaosUITests.xctest */ = {isa = PBXFileReference; explicitFileType = wrapper.cfbundle; includeInIndex = 0; path = ChaosUITests.xctest; sourceTree = BUILT_PRODUCTS_DIR; };
		E1FA7C5124DD44D30047CCB0 /* ChaosUITests.swift */ = {isa = PBXFileReference; lastKnownFileType = sourcecode.swift; path = ChaosUITests.swift; sourceTree = "<group>"; };
		E1FA7C5324DD44D30047CCB0 /* Info.plist */ = {isa = PBXFileReference; lastKnownFileType = text.plist.xml; path = Info.plist; sourceTree = "<group>"; };
		E1FA7C5F24DD49F90047CCB0 /* DrawView.swift */ = {isa = PBXFileReference; lastKnownFileType = sourcecode.swift; path = DrawView.swift; sourceTree = "<group>"; };
/* End PBXFileReference section */

/* Begin PBXFrameworksBuildPhase section */
		E1FA7C2924DD44D30047CCB0 /* Frameworks */ = {
			isa = PBXFrameworksBuildPhase;
			buildActionMask = 2147483647;
			files = (
			);
			runOnlyForDeploymentPostprocessing = 0;
		};
		E1FA7C3F24DD44D30047CCB0 /* Frameworks */ = {
			isa = PBXFrameworksBuildPhase;
			buildActionMask = 2147483647;
			files = (
			);
			runOnlyForDeploymentPostprocessing = 0;
		};
		E1FA7C4A24DD44D30047CCB0 /* Frameworks */ = {
			isa = PBXFrameworksBuildPhase;
			buildActionMask = 2147483647;
			files = (
			);
			runOnlyForDeploymentPostprocessing = 0;
		};
/* End PBXFrameworksBuildPhase section */

/* Begin PBXGroup section */
		E1FA7C2324DD44D30047CCB0 = {
			isa = PBXGroup;
			children = (
				E1FA7C2E24DD44D30047CCB0 /* Chaos */,
				E1FA7C4524DD44D30047CCB0 /* ChaosTests */,
				E1FA7C5024DD44D30047CCB0 /* ChaosUITests */,
				E1FA7C2D24DD44D30047CCB0 /* Products */,
			);
			sourceTree = "<group>";
		};
		E1FA7C2D24DD44D30047CCB0 /* Products */ = {
			isa = PBXGroup;
			children = (
				E1FA7C2C24DD44D30047CCB0 /* Chaos.app */,
				E1FA7C4224DD44D30047CCB0 /* ChaosTests.xctest */,
				E1FA7C4D24DD44D30047CCB0 /* ChaosUITests.xctest */,
			);
			name = Products;
			sourceTree = "<group>";
		};
		E1FA7C2E24DD44D30047CCB0 /* Chaos */ = {
			isa = PBXGroup;
			children = (
				E1FA7C2F24DD44D30047CCB0 /* AppDelegate.swift */,
				E1FA7C3124DD44D30047CCB0 /* SceneDelegate.swift */,
				E1FA7C3324DD44D30047CCB0 /* ViewController.swift */,
				E1FA7C5F24DD49F90047CCB0 /* DrawView.swift */,
				E1FA7C3524DD44D30047CCB0 /* Main.storyboard */,
				E1FA7C3824DD44D30047CCB0 /* Assets.xcassets */,
				E1FA7C3A24DD44D30047CCB0 /* LaunchScreen.storyboard */,
				E1FA7C3D24DD44D30047CCB0 /* Info.plist */,
			);
			path = Chaos;
			sourceTree = "<group>";
		};
		E1FA7C4524DD44D30047CCB0 /* ChaosTests */ = {
			isa = PBXGroup;
			children = (
				E1FA7C4624DD44D30047CCB0 /* ChaosTests.swift */,
				E1FA7C4824DD44D30047CCB0 /* Info.plist */,
			);
			path = ChaosTests;
			sourceTree = "<group>";
		};
		E1FA7C5024DD44D30047CCB0 /* ChaosUITests */ = {
			isa = PBXGroup;
			children = (
				E1FA7C5124DD44D30047CCB0 /* ChaosUITests.swift */,
				E1FA7C5324DD44D30047CCB0 /* Info.plist */,
			);
			path = ChaosUITests;
			sourceTree = "<group>";
		};
/* End PBXGroup section */

/* Begin PBXNativeTarget section */
		E1FA7C2B24DD44D30047CCB0 /* Chaos */ = {
			isa = PBXNativeTarget;
			buildConfigurationList = E1FA7C5624DD44D30047CCB0 /* Build configuration list for PBXNativeTarget "Chaos" */;
			buildPhases = (
				E1FA7C2824DD44D30047CCB0 /* Sources */,
				E1FA7C2924DD44D30047CCB0 /* Frameworks */,
				E1FA7C2A24DD44D30047CCB0 /* Resources */,
			);
			buildRules = (
			);
			dependencies = (
			);
			name = Chaos;
			productName = Chaos;
			productReference = E1FA7C2C24DD44D30047CCB0 /* Chaos.app */;
			productType = "com.apple.product-type.application";
		};
		E1FA7C4124DD44D30047CCB0 /* ChaosTests */ = {
			isa = PBXNativeTarget;
			buildConfigurationList = E1FA7C5924DD44D30047CCB0 /* Build configuration list for PBXNativeTarget "ChaosTests" */;
			buildPhases = (
				E1FA7C3E24DD44D30047CCB0 /* Sources */,
				E1FA7C3F24DD44D30047CCB0 /* Frameworks */,
				E1FA7C4024DD44D30047CCB0 /* Resources */,
			);
			buildRules = (
			);
			dependencies = (
				E1FA7C4424DD44D30047CCB0 /* PBXTargetDependency */,
			);
			name = ChaosTests;
			productName = ChaosTests;
			productReference = E1FA7C4224DD44D30047CCB0 /* ChaosTests.xctest */;
			productType = "com.apple.product-type.bundle.unit-test";
		};
		E1FA7C4C24DD44D30047CCB0 /* ChaosUITests */ = {
			isa = PBXNativeTarget;
			buildConfigurationList = E1FA7C5C24DD44D30047CCB0 /* Build configuration list for PBXNativeTarget "ChaosUITests" */;
			buildPhases = (
				E1FA7C4924DD44D30047CCB0 /* Sources */,
				E1FA7C4A24DD44D30047CCB0 /* Frameworks */,
				E1FA7C4B24DD44D30047CCB0 /* Resources */,
			);
			buildRules = (
			);
			dependencies = (
				E1FA7C4F24DD44D30047CCB0 /* PBXTargetDependency */,
			);
			name = ChaosUITests;
			productName = ChaosUITests;
			productReference = E1FA7C4D24DD44D30047CCB0 /* ChaosUITests.xctest */;
			productType = "com.apple.product-type.bundle.ui-testing";
		};
/* End PBXNativeTarget section */

/* Begin PBXProject section */
		E1FA7C2424DD44D30047CCB0 /* Project object */ = {
			isa = PBXProject;
			attributes = {
				LastSwiftUpdateCheck = 1160;
				LastUpgradeCheck = 1160;
				ORGANIZATIONNAME = "Takumi Muraishi";
				TargetAttributes = {
					E1FA7C2B24DD44D30047CCB0 = {
						CreatedOnToolsVersion = 11.6;
					};
					E1FA7C4124DD44D30047CCB0 = {
						CreatedOnToolsVersion = 11.6;
						TestTargetID = E1FA7C2B24DD44D30047CCB0;
					};
					E1FA7C4C24DD44D30047CCB0 = {
						CreatedOnToolsVersion = 11.6;
						TestTargetID = E1FA7C2B24DD44D30047CCB0;
					};
				};
			};
			buildConfigurationList = E1FA7C2724DD44D30047CCB0 /* Build configuration list for PBXProject "Chaos" */;
			compatibilityVersion = "Xcode 9.3";
			developmentRegion = en;
			hasScannedForEncodings = 0;
			knownRegions = (
				en,
				Base,
			);
			mainGroup = E1FA7C2324DD44D30047CCB0;
			productRefGroup = E1FA7C2D24DD44D30047CCB0 /* Products */;
			projectDirPath = "";
			projectRoot = "";
			targets = (
				E1FA7C2B24DD44D30047CCB0 /* Chaos */,
				E1FA7C4124DD44D30047CCB0 /* ChaosTests */,
				E1FA7C4C24DD44D30047CCB0 /* ChaosUITests */,
			);
		};
/* End PBXProject section */

/* Begin PBXResourcesBuildPhase section */
		E1FA7C2A24DD44D30047CCB0 /* Resources */ = {
			isa = PBXResourcesBuildPhase;
			buildActionMask = 2147483647;
			files = (
				E1FA7C3C24DD44D30047CCB0 /* LaunchScreen.storyboard in Resources */,
				E1FA7C3924DD44D30047CCB0 /* Assets.xcassets in Resources */,
				E1FA7C3724DD44D30047CCB0 /* Main.storyboard in Resources */,
			);
			runOnlyForDeploymentPostprocessing = 0;
		};
		E1FA7C4024DD44D30047CCB0 /* Resources */ = {
			isa = PBXResourcesBuildPhase;
			buildActionMask = 2147483647;
			files = (
			);
			runOnlyForDeploymentPostprocessing = 0;
		};
		E1FA7C4B24DD44D30047CCB0 /* Resources */ = {
			isa = PBXResourcesBuildPhase;
			buildActionMask = 2147483647;
			files = (
			);
			runOnlyForDeploymentPostprocessing = 0;
		};
/* End PBXResourcesBuildPhase section */

/* Begin PBXSourcesBuildPhase section */
		E1FA7C2824DD44D30047CCB0 /* Sources */ = {
			isa = PBXSourcesBuildPhase;
			buildActionMask = 2147483647;
			files = (
				E1FA7C3424DD44D30047CCB0 /* ViewController.swift in Sources */,
				E1FA7C3024DD44D30047CCB0 /* AppDelegate.swift in Sources */,
				E1FA7C6024DD49F90047CCB0 /* DrawView.swift in Sources */,
				E1FA7C3224DD44D30047CCB0 /* SceneDelegate.swift in Sources */,
			);
			runOnlyForDeploymentPostprocessing = 0;
		};
		E1FA7C3E24DD44D30047CCB0 /* Sources */ = {
			isa = PBXSourcesBuildPhase;
			buildActionMask = 2147483647;
			files = (
				E1FA7C4724DD44D30047CCB0 /* ChaosTests.swift in Sources */,
			);
			runOnlyForDeploymentPostprocessing = 0;
		};
		E1FA7C4924DD44D30047CCB0 /* Sources */ = {
			isa = PBXSourcesBuildPhase;
			buildActionMask = 2147483647;
			files = (
				E1FA7C5224DD44D30047CCB0 /* ChaosUITests.swift in Sources */,
			);
			runOnlyForDeploymentPostprocessing = 0;
		};
/* End PBXSourcesBuildPhase section */

/* Begin PBXTargetDependency section */
		E1FA7C4424DD44D30047CCB0 /* PBXTargetDependency */ = {
			isa = PBXTargetDependency;
			target = E1FA7C2B24DD44D30047CCB0 /* Chaos */;
			targetProxy = E1FA7C4324DD44D30047CCB0 /* PBXContainerItemProxy */;
		};
		E1FA7C4F24DD44D30047CCB0 /* PBXTargetDependency */ = {
			isa = PBXTargetDependency;
			target = E1FA7C2B24DD44D30047CCB0 /* Chaos */;
			targetProxy = E1FA7C4E24DD44D30047CCB0 /* PBXContainerItemProxy */;
		};
/* End PBXTargetDependency section */

/* Begin PBXVariantGroup section */
		E1FA7C3524DD44D30047CCB0 /* Main.storyboard */ = {
			isa = PBXVariantGroup;
			children = (
				E1FA7C3624DD44D30047CCB0 /* Base */,
			);
			name = Main.storyboard;
			sourceTree = "<group>";
		};
		E1FA7C3A24DD44D30047CCB0 /* LaunchScreen.storyboard */ = {
			isa = PBXVariantGroup;
			children = (
				E1FA7C3B24DD44D30047CCB0 /* Base */,
			);
			name = LaunchScreen.storyboard;
			sourceTree = "<group>";
		};
/* End PBXVariantGroup section */

/* Begin XCBuildConfiguration section */
		E1FA7C5424DD44D30047CCB0 /* Debug */ = {
			isa = XCBuildConfiguration;
			buildSettings = {
				ALWAYS_SEARCH_USER_PATHS = NO;
				CLANG_ANALYZER_NONNULL = YES;
				CLANG_ANALYZER_NUMBER_OBJECT_CONVERSION = YES_AGGRESSIVE;
				CLANG_CXX_LANGUAGE_STANDARD = "gnu++14";
				CLANG_CXX_LIBRARY = "libc++";
				CLANG_ENABLE_MODULES = YES;
				CLANG_ENABLE_OBJC_ARC = YES;
				CLANG_ENABLE_OBJC_WEAK = YES;
				CLANG_WARN_BLOCK_CAPTURE_AUTORELEASING = YES;
				CLANG_WARN_BOOL_CONVERSION = YES;
				CLANG_WARN_COMMA = YES;
				CLANG_WARN_CONSTANT_CONVERSION = YES;
				CLANG_WARN_DEPRECATED_OBJC_IMPLEMENTATIONS = YES;
				CLANG_WARN_DIRECT_OBJC_ISA_USAGE = YES_ERROR;
				CLANG_WARN_DOCUMENTATION_COMMENTS = YES;
				CLANG_WARN_EMPTY_BODY = YES;
				CLANG_WARN_ENUM_CONVERSION = YES;
				CLANG_WARN_INFINITE_RECURSION = YES;
				CLANG_WARN_INT_CONVERSION = YES;
				CLANG_WARN_NON_LITERAL_NULL_CONVERSION = YES;
				CLANG_WARN_OBJC_IMPLICIT_RETAIN_SELF = YES;
				CLANG_WARN_OBJC_LITERAL_CONVERSION = YES;
				CLANG_WARN_OBJC_ROOT_CLASS = YES_ERROR;
				CLANG_WARN_RANGE_LOOP_ANALYSIS = YES;
				CLANG_WARN_STRICT_PROTOTYPES = YES;
				CLANG_WARN_SUSPICIOUS_MOVE = YES;
				CLANG_WARN_UNGUARDED_AVAILABILITY = YES_AGGRESSIVE;
				CLANG_WARN_UNREACHABLE_CODE = YES;
				CLANG_WARN__DUPLICATE_METHOD_MATCH = YES;
				COPY_PHASE_STRIP = NO;
				DEBUG_INFORMATION_FORMAT = dwarf;
				ENABLE_STRICT_OBJC_MSGSEND = YES;
				ENABLE_TESTABILITY = YES;
				GCC_C_LANGUAGE_STANDARD = gnu11;
				GCC_DYNAMIC_NO_PIC = NO;
				GCC_NO_COMMON_BLOCKS = YES;
				GCC_OPTIMIZATION_LEVEL = 0;
				GCC_PREPROCESSOR_DEFINITIONS = (
					"DEBUG=1",
					"$(inherited)",
				);
				GCC_WARN_64_TO_32_BIT_CONVERSION = YES;
				GCC_WARN_ABOUT_RETURN_TYPE = YES_ERROR;
				GCC_WARN_UNDECLARED_SELECTOR = YES;
				GCC_WARN_UNINITIALIZED_AUTOS = YES_AGGRESSIVE;
				GCC_WARN_UNUSED_FUNCTION = YES;
				GCC_WARN_UNUSED_VARIABLE = YES;
				IPHONEOS_DEPLOYMENT_TARGET = 13.6;
				MTL_ENABLE_DEBUG_INFO = INCLUDE_SOURCE;
				MTL_FAST_MATH = YES;
				ONLY_ACTIVE_ARCH = YES;
				SDKROOT = iphoneos;
				SWIFT_ACTIVE_COMPILATION_CONDITIONS = DEBUG;
				SWIFT_OPTIMIZATION_LEVEL = "-Onone";
			};
			name = Debug;
		};
		E1FA7C5524DD44D30047CCB0 /* Release */ = {
			isa = XCBuildConfiguration;
			buildSettings = {
				ALWAYS_SEARCH_USER_PATHS = NO;
				CLANG_ANALYZER_NONNULL = YES;
				CLANG_ANALYZER_NUMBER_OBJECT_CONVERSION = YES_AGGRESSIVE;
				CLANG_CXX_LANGUAGE_STANDARD = "gnu++14";
				CLANG_CXX_LIBRARY = "libc++";
				CLANG_ENABLE_MODULES = YES;
				CLANG_ENABLE_OBJC_ARC = YES;
				CLANG_ENABLE_OBJC_WEAK = YES;
				CLANG_WARN_BLOCK_CAPTURE_AUTORELEASING = YES;
				CLANG_WARN_BOOL_CONVERSION = YES;
				CLANG_WARN_COMMA = YES;
				CLANG_WARN_CONSTANT_CONVERSION = YES;
				CLANG_WARN_DEPRECATED_OBJC_IMPLEMENTATIONS = YES;
				CLANG_WARN_DIRECT_OBJC_ISA_USAGE = YES_ERROR;
				CLANG_WARN_DOCUMENTATION_COMMENTS = YES;
				CLANG_WARN_EMPTY_BODY = YES;
				CLANG_WARN_ENUM_CONVERSION = YES;
				CLANG_WARN_INFINITE_RECURSION = YES;
				CLANG_WARN_INT_CONVERSION = YES;
				CLANG_WARN_NON_LITERAL_NULL_CONVERSION = YES;
				CLANG_WARN_OBJC_IMPLICIT_RETAIN_SELF = YES;
				CLANG_WARN_OBJC_LITERAL_CONVERSION = YES;
				CLANG_WARN_OBJC_ROOT_CLASS = YES_ERROR;
				CLANG_WARN_RANGE_LOOP_ANALYSIS = YES;
				CLANG_WARN_STRICT_PROTOTYPES = YES;
				CLANG_WARN_SUSPICIOUS_MOVE = YES;
				CLANG_WARN_UNGUARDED_AVAILABILITY = YES_AGGRESSIVE;
				CLANG_WARN_UNREACHABLE_CODE = YES;
				CLANG_WARN__DUPLICATE_METHOD_MATCH = YES;
				COPY_PHASE_STRIP = NO;
				DEBUG_INFORMATION_FORMAT = "dwarf-with-dsym";
				ENABLE_NS_ASSERTIONS = NO;
				ENABLE_STRICT_OBJC_MSGSEND = YES;
				GCC_C_LANGUAGE_STANDARD = gnu11;
				GCC_NO_COMMON_BLOCKS = YES;
				GCC_WARN_64_TO_32_BIT_CONVERSION = YES;
				GCC_WARN_ABOUT_RETURN_TYPE = YES_ERROR;
				GCC_WARN_UNDECLARED_SELECTOR = YES;
				GCC_WARN_UNINITIALIZED_AUTOS = YES_AGGRESSIVE;
				GCC_WARN_UNUSED_FUNCTION = YES;
				GCC_WARN_UNUSED_VARIABLE = YES;
				IPHONEOS_DEPLOYMENT_TARGET = 13.6;
				MTL_ENABLE_DEBUG_INFO = NO;
				MTL_FAST_MATH = YES;
				SDKROOT = iphoneos;
				SWIFT_COMPILATION_MODE = wholemodule;
				SWIFT_OPTIMIZATION_LEVEL = "-O";
				VALIDATE_PRODUCT = YES;
			};
			name = Release;
		};
		E1FA7C5724DD44D30047CCB0 /* Debug */ = {
			isa = XCBuildConfiguration;
			buildSettings = {
				ASSETCATALOG_COMPILER_APPICON_NAME = AppIcon;
				CODE_SIGN_STYLE = Automatic;
				DEVELOPMENT_TEAM = XU74X3434S;
				INFOPLIST_FILE = Chaos/Info.plist;
				LD_RUNPATH_SEARCH_PATHS = (
					"$(inherited)",
					"@executable_path/Frameworks",
				);
				PRODUCT_BUNDLE_IDENTIFIER = ml.mrs1669.Chaos;
				PRODUCT_NAME = "$(TARGET_NAME)";
				SWIFT_VERSION = 5.0;
				TARGETED_DEVICE_FAMILY = "1,2";
			};
			name = Debug;
		};
		E1FA7C5824DD44D30047CCB0 /* Release */ = {
			isa = XCBuildConfiguration;
			buildSettings = {
				ASSETCATALOG_COMPILER_APPICON_NAME = AppIcon;
				CODE_SIGN_STYLE = Automatic;
				DEVELOPMENT_TEAM = XU74X3434S;
				INFOPLIST_FILE = Chaos/Info.plist;
				LD_RUNPATH_SEARCH_PATHS = (
					"$(inherited)",
					"@executable_path/Frameworks",
				);
				PRODUCT_BUNDLE_IDENTIFIER = ml.mrs1669.Chaos;
				PRODUCT_NAME = "$(TARGET_NAME)";
				SWIFT_VERSION = 5.0;
				TARGETED_DEVICE_FAMILY = "1,2";
			};
			name = Release;
		};
		E1FA7C5A24DD44D30047CCB0 /* Debug */ = {
			isa = XCBuildConfiguration;
			buildSettings = {
				ALWAYS_EMBED_SWIFT_STANDARD_LIBRARIES = YES;
				BUNDLE_LOADER = "$(TEST_HOST)";
				CODE_SIGN_STYLE = Automatic;
				DEVELOPMENT_TEAM = XU74X3434S;
				INFOPLIST_FILE = ChaosTests/Info.plist;
				IPHONEOS_DEPLOYMENT_TARGET = 13.6;
				LD_RUNPATH_SEARCH_PATHS = (
					"$(inherited)",
					"@executable_path/Frameworks",
					"@loader_path/Frameworks",
				);
				PRODUCT_BUNDLE_IDENTIFIER = ml.mrs1669.ChaosTests;
				PRODUCT_NAME = "$(TARGET_NAME)";
				SWIFT_VERSION = 5.0;
				TARGETED_DEVICE_FAMILY = "1,2";
				TEST_HOST = "$(BUILT_PRODUCTS_DIR)/Chaos.app/Chaos";
			};
			name = Debug;
		};
		E1FA7C5B24DD44D30047CCB0 /* Release */ = {
			isa = XCBuildConfiguration;
			buildSettings = {
				ALWAYS_EMBED_SWIFT_STANDARD_LIBRARIES = YES;
				BUNDLE_LOADER = "$(TEST_HOST)";
				CODE_SIGN_STYLE = Automatic;
				DEVELOPMENT_TEAM = XU74X3434S;
				INFOPLIST_FILE = ChaosTests/Info.plist;
				IPHONEOS_DEPLOYMENT_TARGET = 13.6;
				LD_RUNPATH_SEARCH_PATHS = (
					"$(inherited)",
					"@executable_path/Frameworks",
					"@loader_path/Frameworks",
				);
				PRODUCT_BUNDLE_IDENTIFIER = ml.mrs1669.ChaosTests;
				PRODUCT_NAME = "$(TARGET_NAME)";
				SWIFT_VERSION = 5.0;
				TARGETED_DEVICE_FAMILY = "1,2";
				TEST_HOST = "$(BUILT_PRODUCTS_DIR)/Chaos.app/Chaos";
			};
			name = Release;
		};
		E1FA7C5D24DD44D30047CCB0 /* Debug */ = {
			isa = XCBuildConfiguration;
			buildSettings = {
				ALWAYS_EMBED_SWIFT_STANDARD_LIBRARIES = YES;
				CODE_SIGN_STYLE = Automatic;
				DEVELOPMENT_TEAM = XU74X3434S;
				INFOPLIST_FILE = ChaosUITests/Info.plist;
				LD_RUNPATH_SEARCH_PATHS = (
					"$(inherited)",
					"@executable_path/Frameworks",
					"@loader_path/Frameworks",
				);
				PRODUCT_BUNDLE_IDENTIFIER = ml.mrs1669.ChaosUITests;
				PRODUCT_NAME = "$(TARGET_NAME)";
				SWIFT_VERSION = 5.0;
				TARGETED_DEVICE_FAMILY = "1,2";
				TEST_TARGET_NAME = Chaos;
			};
			name = Debug;
		};
		E1FA7C5E24DD44D30047CCB0 /* Release */ = {
			isa = XCBuildConfiguration;
			buildSettings = {
				ALWAYS_EMBED_SWIFT_STANDARD_LIBRARIES = YES;
				CODE_SIGN_STYLE = Automatic;
				DEVELOPMENT_TEAM = XU74X3434S;
				INFOPLIST_FILE = ChaosUITests/Info.plist;
				LD_RUNPATH_SEARCH_PATHS = (
					"$(inherited)",
					"@executable_path/Frameworks",
					"@loader_path/Frameworks",
				);
				PRODUCT_BUNDLE_IDENTIFIER = ml.mrs1669.ChaosUITests;
				PRODUCT_NAME = "$(TARGET_NAME)";
				SWIFT_VERSION = 5.0;
				TARGETED_DEVICE_FAMILY = "1,2";
				TEST_TARGET_NAME = Chaos;
			};
			name = Release;
		};
/* End XCBuildConfiguration section */

/* Begin XCConfigurationList section */
		E1FA7C2724DD44D30047CCB0 /* Build configuration list for PBXProject "Chaos" */ = {
			isa = XCConfigurationList;
			buildConfigurations = (
				E1FA7C5424DD44D30047CCB0 /* Debug */,
				E1FA7C5524DD44D30047CCB0 /* Release */,
			);
			defaultConfigurationIsVisible = 0;
			defaultConfigurationName = Release;
		};
		E1FA7C5624DD44D30047CCB0 /* Build configuration list for PBXNativeTarget "Chaos" */ = {
			isa = XCConfigurationList;
			buildConfigurations = (
				E1FA7C5724DD44D30047CCB0 /* Debug */,
				E1FA7C5824DD44D30047CCB0 /* Release */,
			);
			defaultConfigurationIsVisible = 0;
			defaultConfigurationName = Release;
		};
		E1FA7C5924DD44D30047CCB0 /* Build configuration list for PBXNativeTarget "ChaosTests" */ = {
			isa = XCConfigurationList;
			buildConfigurations = (
				E1FA7C5A24DD44D30047CCB0 /* Debug */,
				E1FA7C5B24DD44D30047CCB0 /* Release */,
			);
			defaultConfigurationIsVisible = 0;
			defaultConfigurationName = Release;
		};
		E1FA7C5C24DD44D30047CCB0 /* Build configuration list for PBXNativeTarget "ChaosUITests" */ = {
			isa = XCConfigurationList;
			buildConfigurations = (
				E1FA7C5D24DD44D30047CCB0 /* Debug */,
				E1FA7C5E24DD44D30047CCB0 /* Release */,
			);
			defaultConfigurationIsVisible = 0;
			defaultConfigurationName = Release;
		};
/* End XCConfigurationList section */
	};
	rootObject = E1FA7C2424DD44D30047CCB0 /* Project object */;
}
